// !$*UTF8*$!
{
	archiveVersion = 1;
	classes = {
	};
	objectVersion = 50;
	objects = {

/* Begin PBXBuildFile section */
		194BEB00208E598A00C0EA21 /* AppDelegate.swift in Sources */ = {isa = PBXBuildFile; fileRef = 194BEAFF208E598A00C0EA21 /* AppDelegate.swift */; };
		194BEB05208E598A00C0EA21 /* Main.storyboard in Resources */ = {isa = PBXBuildFile; fileRef = 194BEB03208E598A00C0EA21 /* Main.storyboard */; };
		194BEB07208E598C00C0EA21 /* Assets.xcassets in Resources */ = {isa = PBXBuildFile; fileRef = 194BEB06208E598C00C0EA21 /* Assets.xcassets */; };
		194BEB0A208E598C00C0EA21 /* LaunchScreen.storyboard in Resources */ = {isa = PBXBuildFile; fileRef = 194BEB08208E598C00C0EA21 /* LaunchScreen.storyboard */; };
		194BEB15208E598D00C0EA21 /* MoviesTests.swift in Sources */ = {isa = PBXBuildFile; fileRef = 194BEB14208E598D00C0EA21 /* MoviesTests.swift */; };
		194BEB20208E598D00C0EA21 /* MoviesUITests.swift in Sources */ = {isa = PBXBuildFile; fileRef = 194BEB1F208E598D00C0EA21 /* MoviesUITests.swift */; };
		194BEB34208E5B1200C0EA21 /* Dictionary.swift in Sources */ = {isa = PBXBuildFile; fileRef = 194BEB33208E5B1200C0EA21 /* Dictionary.swift */; };
		194BEB37208E5B4100C0EA21 /* APIProperties.plist in Resources */ = {isa = PBXBuildFile; fileRef = 194BEB36208E5B4100C0EA21 /* APIProperties.plist */; };
		194BEB39208E5BAF00C0EA21 /* Localizable.strings in Resources */ = {isa = PBXBuildFile; fileRef = 194BEB38208E5BAF00C0EA21 /* Localizable.strings */; };
		194BEB40208E623F00C0EA21 /* MoviesListVC.swift in Sources */ = {isa = PBXBuildFile; fileRef = 194BEB3F208E623F00C0EA21 /* MoviesListVC.swift */; };
		194BEB4B208E691000C0EA21 /* Movie.swift in Sources */ = {isa = PBXBuildFile; fileRef = 194BEB4A208E691000C0EA21 /* Movie.swift */; };
		194BEB4D208E6AF400C0EA21 /* MoviesPresenter.swift in Sources */ = {isa = PBXBuildFile; fileRef = 194BEB4C208E6AF400C0EA21 /* MoviesPresenter.swift */; };
		194BEB50208E728E00C0EA21 /* MoviesService.swift in Sources */ = {isa = PBXBuildFile; fileRef = 194BEB4F208E728E00C0EA21 /* MoviesService.swift */; };
		1958E6CE208F1913003045AF /* CustomCell.swift in Sources */ = {isa = PBXBuildFile; fileRef = 1958E6CC208F1913003045AF /* CustomCell.swift */; };
		1958E6CF208F1913003045AF /* CustomCell.xib in Resources */ = {isa = PBXBuildFile; fileRef = 1958E6CD208F1913003045AF /* CustomCell.xib */; };
		1958E6D3208F1E00003045AF /* UIImageView.swift in Sources */ = {isa = PBXBuildFile; fileRef = 1958E6D2208F1E00003045AF /* UIImageView.swift */; };
		1EB756AA59D8793CF9563896 /* Pods_Movies.framework in Frameworks */ = {isa = PBXBuildFile; fileRef = C94C4C1AF73EB4C420519B5E /* Pods_Movies.framework */; };
		9D075DD0ABA4F289F3E37A7D /* Pods_MoviesTests.framework in Frameworks */ = {isa = PBXBuildFile; fileRef = 4755912CDEBFE6E10DF44296 /* Pods_MoviesTests.framework */; };
		A0FEC4877985EAEEC03A1733 /* Pods_MoviesUITests.framework in Frameworks */ = {isa = PBXBuildFile; fileRef = C1BC0BFFE1E79C6398354A35 /* Pods_MoviesUITests.framework */; };
/* End PBXBuildFile section */

/* Begin PBXContainerItemProxy section */
		194BEB11208E598D00C0EA21 /* PBXContainerItemProxy */ = {
			isa = PBXContainerItemProxy;
			containerPortal = 194BEAF4208E598A00C0EA21 /* Project object */;
			proxyType = 1;
			remoteGlobalIDString = 194BEAFB208E598A00C0EA21;
			remoteInfo = Movies;
		};
		194BEB1C208E598D00C0EA21 /* PBXContainerItemProxy */ = {
			isa = PBXContainerItemProxy;
			containerPortal = 194BEAF4208E598A00C0EA21 /* Project object */;
			proxyType = 1;
			remoteGlobalIDString = 194BEAFB208E598A00C0EA21;
			remoteInfo = Movies;
		};
/* End PBXContainerItemProxy section */

/* Begin PBXFileReference section */
		194BEAFC208E598A00C0EA21 /* Movies.app */ = {isa = PBXFileReference; explicitFileType = wrapper.application; includeInIndex = 0; path = Movies.app; sourceTree = BUILT_PRODUCTS_DIR; };
		194BEAFF208E598A00C0EA21 /* AppDelegate.swift */ = {isa = PBXFileReference; lastKnownFileType = sourcecode.swift; path = AppDelegate.swift; sourceTree = "<group>"; };
		194BEB04208E598A00C0EA21 /* Base */ = {isa = PBXFileReference; lastKnownFileType = file.storyboard; name = Base; path = Base.lproj/Main.storyboard; sourceTree = "<group>"; };
		194BEB06208E598C00C0EA21 /* Assets.xcassets */ = {isa = PBXFileReference; lastKnownFileType = folder.assetcatalog; path = Assets.xcassets; sourceTree = "<group>"; };
		194BEB09208E598C00C0EA21 /* Base */ = {isa = PBXFileReference; lastKnownFileType = file.storyboard; name = Base; path = Base.lproj/LaunchScreen.storyboard; sourceTree = "<group>"; };
		194BEB0B208E598C00C0EA21 /* Info.plist */ = {isa = PBXFileReference; lastKnownFileType = text.plist.xml; path = Info.plist; sourceTree = "<group>"; };
		194BEB10208E598D00C0EA21 /* MoviesTests.xctest */ = {isa = PBXFileReference; explicitFileType = wrapper.cfbundle; includeInIndex = 0; path = MoviesTests.xctest; sourceTree = BUILT_PRODUCTS_DIR; };
		194BEB14208E598D00C0EA21 /* MoviesTests.swift */ = {isa = PBXFileReference; lastKnownFileType = sourcecode.swift; path = MoviesTests.swift; sourceTree = "<group>"; };
		194BEB16208E598D00C0EA21 /* Info.plist */ = {isa = PBXFileReference; lastKnownFileType = text.plist.xml; path = Info.plist; sourceTree = "<group>"; };
		194BEB1B208E598D00C0EA21 /* MoviesUITests.xctest */ = {isa = PBXFileReference; explicitFileType = wrapper.cfbundle; includeInIndex = 0; path = MoviesUITests.xctest; sourceTree = BUILT_PRODUCTS_DIR; };
		194BEB1F208E598D00C0EA21 /* MoviesUITests.swift */ = {isa = PBXFileReference; lastKnownFileType = sourcecode.swift; path = MoviesUITests.swift; sourceTree = "<group>"; };
		194BEB21208E598D00C0EA21 /* Info.plist */ = {isa = PBXFileReference; lastKnownFileType = text.plist.xml; path = Info.plist; sourceTree = "<group>"; };
		194BEB33208E5B1200C0EA21 /* Dictionary.swift */ = {isa = PBXFileReference; lastKnownFileType = sourcecode.swift; path = Dictionary.swift; sourceTree = "<group>"; };
		194BEB36208E5B4100C0EA21 /* APIProperties.plist */ = {isa = PBXFileReference; lastKnownFileType = text.plist.xml; path = APIProperties.plist; sourceTree = "<group>"; };
		194BEB38208E5BAF00C0EA21 /* Localizable.strings */ = {isa = PBXFileReference; lastKnownFileType = text.plist.strings; path = Localizable.strings; sourceTree = "<group>"; };
		194BEB3F208E623F00C0EA21 /* MoviesListVC.swift */ = {isa = PBXFileReference; lastKnownFileType = sourcecode.swift; path = MoviesListVC.swift; sourceTree = "<group>"; };
		194BEB4A208E691000C0EA21 /* Movie.swift */ = {isa = PBXFileReference; lastKnownFileType = sourcecode.swift; path = Movie.swift; sourceTree = "<group>"; };
		194BEB4C208E6AF400C0EA21 /* MoviesPresenter.swift */ = {isa = PBXFileReference; lastKnownFileType = sourcecode.swift; path = MoviesPresenter.swift; sourceTree = "<group>"; };
		194BEB4F208E728E00C0EA21 /* MoviesService.swift */ = {isa = PBXFileReference; lastKnownFileType = sourcecode.swift; path = MoviesService.swift; sourceTree = "<group>"; };
		1958E6CC208F1913003045AF /* CustomCell.swift */ = {isa = PBXFileReference; lastKnownFileType = sourcecode.swift; path = CustomCell.swift; sourceTree = "<group>"; };
		1958E6CD208F1913003045AF /* CustomCell.xib */ = {isa = PBXFileReference; lastKnownFileType = file.xib; path = CustomCell.xib; sourceTree = "<group>"; };
		1958E6D2208F1E00003045AF /* UIImageView.swift */ = {isa = PBXFileReference; lastKnownFileType = sourcecode.swift; path = UIImageView.swift; sourceTree = "<group>"; };
		383BBB6EDE847B7654011EFE /* Pods-MoviesUITests.debug.xcconfig */ = {isa = PBXFileReference; includeInIndex = 1; lastKnownFileType = text.xcconfig; name = "Pods-MoviesUITests.debug.xcconfig"; path = "Pods/Target Support Files/Pods-MoviesUITests/Pods-MoviesUITests.debug.xcconfig"; sourceTree = "<group>"; };
		4755912CDEBFE6E10DF44296 /* Pods_MoviesTests.framework */ = {isa = PBXFileReference; explicitFileType = wrapper.framework; includeInIndex = 0; path = Pods_MoviesTests.framework; sourceTree = BUILT_PRODUCTS_DIR; };
		6B9145993E7A9E4D3142C74C /* Pods-Movies.release.xcconfig */ = {isa = PBXFileReference; includeInIndex = 1; lastKnownFileType = text.xcconfig; name = "Pods-Movies.release.xcconfig"; path = "Pods/Target Support Files/Pods-Movies/Pods-Movies.release.xcconfig"; sourceTree = "<group>"; };
		8A47794977525E2ECE83E340 /* Pods-Movies.debug.xcconfig */ = {isa = PBXFileReference; includeInIndex = 1; lastKnownFileType = text.xcconfig; name = "Pods-Movies.debug.xcconfig"; path = "Pods/Target Support Files/Pods-Movies/Pods-Movies.debug.xcconfig"; sourceTree = "<group>"; };
		9A08318CA6CAA7F6A03D62B9 /* Pods-MoviesTests.debug.xcconfig */ = {isa = PBXFileReference; includeInIndex = 1; lastKnownFileType = text.xcconfig; name = "Pods-MoviesTests.debug.xcconfig"; path = "Pods/Target Support Files/Pods-MoviesTests/Pods-MoviesTests.debug.xcconfig"; sourceTree = "<group>"; };
		AA3F9072C7D59237DEEF5ED4 /* Pods-MoviesTests.release.xcconfig */ = {isa = PBXFileReference; includeInIndex = 1; lastKnownFileType = text.xcconfig; name = "Pods-MoviesTests.release.xcconfig"; path = "Pods/Target Support Files/Pods-MoviesTests/Pods-MoviesTests.release.xcconfig"; sourceTree = "<group>"; };
		C1BC0BFFE1E79C6398354A35 /* Pods_MoviesUITests.framework */ = {isa = PBXFileReference; explicitFileType = wrapper.framework; includeInIndex = 0; path = Pods_MoviesUITests.framework; sourceTree = BUILT_PRODUCTS_DIR; };
		C94C4C1AF73EB4C420519B5E /* Pods_Movies.framework */ = {isa = PBXFileReference; explicitFileType = wrapper.framework; includeInIndex = 0; path = Pods_Movies.framework; sourceTree = BUILT_PRODUCTS_DIR; };
		E6E90FD44C6E96C17E084ED0 /* Pods-MoviesUITests.release.xcconfig */ = {isa = PBXFileReference; includeInIndex = 1; lastKnownFileType = text.xcconfig; name = "Pods-MoviesUITests.release.xcconfig"; path = "Pods/Target Support Files/Pods-MoviesUITests/Pods-MoviesUITests.release.xcconfig"; sourceTree = "<group>"; };
/* End PBXFileReference section */

/* Begin PBXFrameworksBuildPhase section */
		194BEAF9208E598A00C0EA21 /* Frameworks */ = {
			isa = PBXFrameworksBuildPhase;
			buildActionMask = 2147483647;
			files = (
				1EB756AA59D8793CF9563896 /* Pods_Movies.framework in Frameworks */,
			);
			runOnlyForDeploymentPostprocessing = 0;
		};
		194BEB0D208E598D00C0EA21 /* Frameworks */ = {
			isa = PBXFrameworksBuildPhase;
			buildActionMask = 2147483647;
			files = (
				9D075DD0ABA4F289F3E37A7D /* Pods_MoviesTests.framework in Frameworks */,
			);
			runOnlyForDeploymentPostprocessing = 0;
		};
		194BEB18208E598D00C0EA21 /* Frameworks */ = {
			isa = PBXFrameworksBuildPhase;
			buildActionMask = 2147483647;
			files = (
				A0FEC4877985EAEEC03A1733 /* Pods_MoviesUITests.framework in Frameworks */,
			);
			runOnlyForDeploymentPostprocessing = 0;
		};
/* End PBXFrameworksBuildPhase section */

/* Begin PBXGroup section */
		194BEAF3208E598A00C0EA21 = {
			isa = PBXGroup;
			children = (
				194BEAFE208E598A00C0EA21 /* Movies */,
				194BEB13208E598D00C0EA21 /* MoviesTests */,
				194BEB1E208E598D00C0EA21 /* MoviesUITests */,
				194BEAFD208E598A00C0EA21 /* Products */,
				D8E6E19E4401FDE0E5CA4F38 /* Pods */,
				E8B86BE28E804B74DAA7D6DE /* Frameworks */,
			);
			sourceTree = "<group>";
		};
		194BEAFD208E598A00C0EA21 /* Products */ = {
			isa = PBXGroup;
			children = (
				194BEAFC208E598A00C0EA21 /* Movies.app */,
				194BEB10208E598D00C0EA21 /* MoviesTests.xctest */,
				194BEB1B208E598D00C0EA21 /* MoviesUITests.xctest */,
			);
			name = Products;
			sourceTree = "<group>";
		};
		194BEAFE208E598A00C0EA21 /* Movies */ = {
			isa = PBXGroup;
			children = (
				194BEB31208E5AED00C0EA21 /* Resources */,
				194BEB0B208E598C00C0EA21 /* Info.plist */,
				194BEAFF208E598A00C0EA21 /* AppDelegate.swift */,
				194BEB30208E5AE000C0EA21 /* MoviesApp */,
				194BEB03208E598A00C0EA21 /* Main.storyboard */,
				194BEB08208E598C00C0EA21 /* LaunchScreen.storyboard */,
				194BEB06208E598C00C0EA21 /* Assets.xcassets */,
			);
			path = Movies;
			sourceTree = "<group>";
		};
		194BEB13208E598D00C0EA21 /* MoviesTests */ = {
			isa = PBXGroup;
			children = (
				194BEB14208E598D00C0EA21 /* MoviesTests.swift */,
				194BEB16208E598D00C0EA21 /* Info.plist */,
			);
			path = MoviesTests;
			sourceTree = "<group>";
		};
		194BEB1E208E598D00C0EA21 /* MoviesUITests */ = {
			isa = PBXGroup;
			children = (
				194BEB1F208E598D00C0EA21 /* MoviesUITests.swift */,
				194BEB21208E598D00C0EA21 /* Info.plist */,
			);
			path = MoviesUITests;
			sourceTree = "<group>";
		};
		194BEB2D208E5AB600C0EA21 /* Presenter */ = {
			isa = PBXGroup;
			children = (
				194BEB4C208E6AF400C0EA21 /* MoviesPresenter.swift */,
			);
			path = Presenter;
			sourceTree = "<group>";
		};
		194BEB2E208E5AC000C0EA21 /* View */ = {
			isa = PBXGroup;
			children = (
				194BEB41208E64AF00C0EA21 /* cell */,
				194BEB3F208E623F00C0EA21 /* MoviesListVC.swift */,
			);
			path = View;
			sourceTree = "<group>";
		};
		194BEB2F208E5AC600C0EA21 /* Model */ = {
			isa = PBXGroup;
			children = (
				194BEB4A208E691000C0EA21 /* Movie.swift */,
			);
			path = Model;
			sourceTree = "<group>";
		};
		194BEB30208E5AE000C0EA21 /* MoviesApp */ = {
			isa = PBXGroup;
			children = (
				194BEB3B208E613D00C0EA21 /* Favorites */,
				194BEB3A208E612A00C0EA21 /* MoviesList */,
			);
			path = MoviesApp;
			sourceTree = "<group>";
		};
		194BEB31208E5AED00C0EA21 /* Resources */ = {
			isa = PBXGroup;
			children = (
				194BEB35208E5B2900C0EA21 /* Properties */,
				194BEB32208E5AF700C0EA21 /* Extensions */,
				194BEB38208E5BAF00C0EA21 /* Localizable.strings */,
			);
			path = Resources;
			sourceTree = "<group>";
		};
		194BEB32208E5AF700C0EA21 /* Extensions */ = {
			isa = PBXGroup;
			children = (
				194BEB33208E5B1200C0EA21 /* Dictionary.swift */,
				1958E6D2208F1E00003045AF /* UIImageView.swift */,
			);
			path = Extensions;
			sourceTree = "<group>";
		};
		194BEB35208E5B2900C0EA21 /* Properties */ = {
			isa = PBXGroup;
			children = (
				194BEB36208E5B4100C0EA21 /* APIProperties.plist */,
			);
			path = Properties;
			sourceTree = "<group>";
		};
		194BEB3A208E612A00C0EA21 /* MoviesList */ = {
			isa = PBXGroup;
			children = (
				194BEB2F208E5AC600C0EA21 /* Model */,
				194BEB2E208E5AC000C0EA21 /* View */,
				194BEB2D208E5AB600C0EA21 /* Presenter */,
				194BEB4E208E728100C0EA21 /* Service */,
			);
			path = MoviesList;
			sourceTree = "<group>";
		};
		194BEB3B208E613D00C0EA21 /* Favorites */ = {
			isa = PBXGroup;
			children = (
				194BEB3E208E619500C0EA21 /* Model */,
				194BEB3D208E619100C0EA21 /* View */,
				194BEB3C208E618B00C0EA21 /* Presenter */,
			);
			path = Favorites;
			sourceTree = "<group>";
		};
		194BEB3C208E618B00C0EA21 /* Presenter */ = {
			isa = PBXGroup;
			children = (
			);
			path = Presenter;
			sourceTree = "<group>";
		};
		194BEB3D208E619100C0EA21 /* View */ = {
			isa = PBXGroup;
			children = (
			);
			path = View;
			sourceTree = "<group>";
		};
		194BEB3E208E619500C0EA21 /* Model */ = {
			isa = PBXGroup;
			children = (
			);
			path = Model;
			sourceTree = "<group>";
		};
		194BEB41208E64AF00C0EA21 /* cell */ = {
			isa = PBXGroup;
			children = (
				1958E6CC208F1913003045AF /* CustomCell.swift */,
				1958E6CD208F1913003045AF /* CustomCell.xib */,
			);
			path = cell;
			sourceTree = "<group>";
		};
		194BEB4E208E728100C0EA21 /* Service */ = {
			isa = PBXGroup;
			children = (
				194BEB4F208E728E00C0EA21 /* MoviesService.swift */,
			);
			path = Service;
			sourceTree = "<group>";
		};
		D8E6E19E4401FDE0E5CA4F38 /* Pods */ = {
			isa = PBXGroup;
			children = (
				8A47794977525E2ECE83E340 /* Pods-Movies.debug.xcconfig */,
				6B9145993E7A9E4D3142C74C /* Pods-Movies.release.xcconfig */,
				9A08318CA6CAA7F6A03D62B9 /* Pods-MoviesTests.debug.xcconfig */,
				AA3F9072C7D59237DEEF5ED4 /* Pods-MoviesTests.release.xcconfig */,
				383BBB6EDE847B7654011EFE /* Pods-MoviesUITests.debug.xcconfig */,
				E6E90FD44C6E96C17E084ED0 /* Pods-MoviesUITests.release.xcconfig */,
			);
			name = Pods;
			sourceTree = "<group>";
		};
		E8B86BE28E804B74DAA7D6DE /* Frameworks */ = {
			isa = PBXGroup;
			children = (
				C94C4C1AF73EB4C420519B5E /* Pods_Movies.framework */,
				4755912CDEBFE6E10DF44296 /* Pods_MoviesTests.framework */,
				C1BC0BFFE1E79C6398354A35 /* Pods_MoviesUITests.framework */,
			);
			name = Frameworks;
			sourceTree = "<group>";
		};
/* End PBXGroup section */

/* Begin PBXNativeTarget section */
		194BEAFB208E598A00C0EA21 /* Movies */ = {
			isa = PBXNativeTarget;
			buildConfigurationList = 194BEB24208E598D00C0EA21 /* Build configuration list for PBXNativeTarget "Movies" */;
			buildPhases = (
				A3296880049029E384C7BB20 /* [CP] Check Pods Manifest.lock */,
				194BEAF8208E598A00C0EA21 /* Sources */,
				194BEAF9208E598A00C0EA21 /* Frameworks */,
				194BEAFA208E598A00C0EA21 /* Resources */,
				7C15B26A4E2CA78B099794D5 /* [CP] Embed Pods Frameworks */,
			);
			buildRules = (
			);
			dependencies = (
			);
			name = Movies;
			productName = Movies;
			productReference = 194BEAFC208E598A00C0EA21 /* Movies.app */;
			productType = "com.apple.product-type.application";
		};
		194BEB0F208E598D00C0EA21 /* MoviesTests */ = {
			isa = PBXNativeTarget;
			buildConfigurationList = 194BEB27208E598D00C0EA21 /* Build configuration list for PBXNativeTarget "MoviesTests" */;
			buildPhases = (
				CD249670A15BF0F5995AEF87 /* [CP] Check Pods Manifest.lock */,
				194BEB0C208E598D00C0EA21 /* Sources */,
				194BEB0D208E598D00C0EA21 /* Frameworks */,
				194BEB0E208E598D00C0EA21 /* Resources */,
			);
			buildRules = (
			);
			dependencies = (
				194BEB12208E598D00C0EA21 /* PBXTargetDependency */,
			);
			name = MoviesTests;
			productName = MoviesTests;
			productReference = 194BEB10208E598D00C0EA21 /* MoviesTests.xctest */;
			productType = "com.apple.product-type.bundle.unit-test";
		};
		194BEB1A208E598D00C0EA21 /* MoviesUITests */ = {
			isa = PBXNativeTarget;
			buildConfigurationList = 194BEB2A208E598D00C0EA21 /* Build configuration list for PBXNativeTarget "MoviesUITests" */;
			buildPhases = (
				FA366C11A810270904FEE41A /* [CP] Check Pods Manifest.lock */,
				194BEB17208E598D00C0EA21 /* Sources */,
				194BEB18208E598D00C0EA21 /* Frameworks */,
				194BEB19208E598D00C0EA21 /* Resources */,
			);
			buildRules = (
			);
			dependencies = (
				194BEB1D208E598D00C0EA21 /* PBXTargetDependency */,
			);
			name = MoviesUITests;
			productName = MoviesUITests;
			productReference = 194BEB1B208E598D00C0EA21 /* MoviesUITests.xctest */;
			productType = "com.apple.product-type.bundle.ui-testing";
		};
/* End PBXNativeTarget section */

/* Begin PBXProject section */
		194BEAF4208E598A00C0EA21 /* Project object */ = {
			isa = PBXProject;
			attributes = {
				LastSwiftUpdateCheck = 0930;
				LastUpgradeCheck = 0930;
				ORGANIZATIONNAME = "Andrea Agudo";
				TargetAttributes = {
					194BEAFB208E598A00C0EA21 = {
						CreatedOnToolsVersion = 9.3;
					};
					194BEB0F208E598D00C0EA21 = {
						CreatedOnToolsVersion = 9.3;
						TestTargetID = 194BEAFB208E598A00C0EA21;
					};
					194BEB1A208E598D00C0EA21 = {
						CreatedOnToolsVersion = 9.3;
						TestTargetID = 194BEAFB208E598A00C0EA21;
					};
				};
			};
			buildConfigurationList = 194BEAF7208E598A00C0EA21 /* Build configuration list for PBXProject "Movies" */;
			compatibilityVersion = "Xcode 9.3";
			developmentRegion = en;
			hasScannedForEncodings = 0;
			knownRegions = (
				en,
				Base,
			);
			mainGroup = 194BEAF3208E598A00C0EA21;
			productRefGroup = 194BEAFD208E598A00C0EA21 /* Products */;
			projectDirPath = "";
			projectRoot = "";
			targets = (
				194BEAFB208E598A00C0EA21 /* Movies */,
				194BEB0F208E598D00C0EA21 /* MoviesTests */,
				194BEB1A208E598D00C0EA21 /* MoviesUITests */,
			);
		};
/* End PBXProject section */

/* Begin PBXResourcesBuildPhase section */
		194BEAFA208E598A00C0EA21 /* Resources */ = {
			isa = PBXResourcesBuildPhase;
			buildActionMask = 2147483647;
			files = (
				1958E6CF208F1913003045AF /* CustomCell.xib in Resources */,
				194BEB39208E5BAF00C0EA21 /* Localizable.strings in Resources */,
				194BEB37208E5B4100C0EA21 /* APIProperties.plist in Resources */,
				194BEB0A208E598C00C0EA21 /* LaunchScreen.storyboard in Resources */,
				194BEB07208E598C00C0EA21 /* Assets.xcassets in Resources */,
				194BEB05208E598A00C0EA21 /* Main.storyboard in Resources */,
			);
			runOnlyForDeploymentPostprocessing = 0;
		};
		194BEB0E208E598D00C0EA21 /* Resources */ = {
			isa = PBXResourcesBuildPhase;
			buildActionMask = 2147483647;
			files = (
			);
			runOnlyForDeploymentPostprocessing = 0;
		};
		194BEB19208E598D00C0EA21 /* Resources */ = {
			isa = PBXResourcesBuildPhase;
			buildActionMask = 2147483647;
			files = (
			);
			runOnlyForDeploymentPostprocessing = 0;
		};
/* End PBXResourcesBuildPhase section */

/* Begin PBXShellScriptBuildPhase section */
		7C15B26A4E2CA78B099794D5 /* [CP] Embed Pods Frameworks */ = {
			isa = PBXShellScriptBuildPhase;
			buildActionMask = 2147483647;
			files = (
			);
			inputPaths = (
				"${SRCROOT}/Pods/Target Support Files/Pods-Movies/Pods-Movies-frameworks.sh",
				"${BUILT_PRODUCTS_DIR}/Alamofire/Alamofire.framework",
				"${BUILT_PRODUCTS_DIR}/ObjectMapper/ObjectMapper.framework",
			);
			name = "[CP] Embed Pods Frameworks";
			outputPaths = (
				"${TARGET_BUILD_DIR}/${FRAMEWORKS_FOLDER_PATH}/Alamofire.framework",
				"${TARGET_BUILD_DIR}/${FRAMEWORKS_FOLDER_PATH}/ObjectMapper.framework",
			);
			runOnlyForDeploymentPostprocessing = 0;
			shellPath = /bin/sh;
			shellScript = "\"${SRCROOT}/Pods/Target Support Files/Pods-Movies/Pods-Movies-frameworks.sh\"\n";
			showEnvVarsInLog = 0;
		};
		A3296880049029E384C7BB20 /* [CP] Check Pods Manifest.lock */ = {
			isa = PBXShellScriptBuildPhase;
			buildActionMask = 2147483647;
			files = (
			);
			inputPaths = (
				"${PODS_PODFILE_DIR_PATH}/Podfile.lock",
				"${PODS_ROOT}/Manifest.lock",
			);
			name = "[CP] Check Pods Manifest.lock";
			outputPaths = (
				"$(DERIVED_FILE_DIR)/Pods-Movies-checkManifestLockResult.txt",
			);
			runOnlyForDeploymentPostprocessing = 0;
			shellPath = /bin/sh;
			shellScript = "diff \"${PODS_PODFILE_DIR_PATH}/Podfile.lock\" \"${PODS_ROOT}/Manifest.lock\" > /dev/null\nif [ $? != 0 ] ; then\n    # print error to STDERR\n    echo \"error: The sandbox is not in sync with the Podfile.lock. Run 'pod install' or update your CocoaPods installation.\" >&2\n    exit 1\nfi\n# This output is used by Xcode 'outputs' to avoid re-running this script phase.\necho \"SUCCESS\" > \"${SCRIPT_OUTPUT_FILE_0}\"\n";
			showEnvVarsInLog = 0;
		};
		CD249670A15BF0F5995AEF87 /* [CP] Check Pods Manifest.lock */ = {
			isa = PBXShellScriptBuildPhase;
			buildActionMask = 2147483647;
			files = (
			);
			inputPaths = (
				"${PODS_PODFILE_DIR_PATH}/Podfile.lock",
				"${PODS_ROOT}/Manifest.lock",
			);
			name = "[CP] Check Pods Manifest.lock";
			outputPaths = (
				"$(DERIVED_FILE_DIR)/Pods-MoviesTests-checkManifestLockResult.txt",
			);
			runOnlyForDeploymentPostprocessing = 0;
			shellPath = /bin/sh;
			shellScript = "diff \"${PODS_PODFILE_DIR_PATH}/Podfile.lock\" \"${PODS_ROOT}/Manifest.lock\" > /dev/null\nif [ $? != 0 ] ; then\n    # print error to STDERR\n    echo \"error: The sandbox is not in sync with the Podfile.lock. Run 'pod install' or update your CocoaPods installation.\" >&2\n    exit 1\nfi\n# This output is used by Xcode 'outputs' to avoid re-running this script phase.\necho \"SUCCESS\" > \"${SCRIPT_OUTPUT_FILE_0}\"\n";
			showEnvVarsInLog = 0;
		};
		FA366C11A810270904FEE41A /* [CP] Check Pods Manifest.lock */ = {
			isa = PBXShellScriptBuildPhase;
			buildActionMask = 2147483647;
			files = (
			);
			inputPaths = (
				"${PODS_PODFILE_DIR_PATH}/Podfile.lock",
				"${PODS_ROOT}/Manifest.lock",
			);
			name = "[CP] Check Pods Manifest.lock";
			outputPaths = (
				"$(DERIVED_FILE_DIR)/Pods-MoviesUITests-checkManifestLockResult.txt",
			);
			runOnlyForDeploymentPostprocessing = 0;
			shellPath = /bin/sh;
			shellScript = "diff \"${PODS_PODFILE_DIR_PATH}/Podfile.lock\" \"${PODS_ROOT}/Manifest.lock\" > /dev/null\nif [ $? != 0 ] ; then\n    # print error to STDERR\n    echo \"error: The sandbox is not in sync with the Podfile.lock. Run 'pod install' or update your CocoaPods installation.\" >&2\n    exit 1\nfi\n# This output is used by Xcode 'outputs' to avoid re-running this script phase.\necho \"SUCCESS\" > \"${SCRIPT_OUTPUT_FILE_0}\"\n";
			showEnvVarsInLog = 0;
		};
/* End PBXShellScriptBuildPhase section */

/* Begin PBXSourcesBuildPhase section */
		194BEAF8208E598A00C0EA21 /* Sources */ = {
			isa = PBXSourcesBuildPhase;
			buildActionMask = 2147483647;
			files = (
				1958E6D3208F1E00003045AF /* UIImageView.swift in Sources */,
				194BEB40208E623F00C0EA21 /* MoviesListVC.swift in Sources */,
				194BEB00208E598A00C0EA21 /* AppDelegate.swift in Sources */,
				194BEB34208E5B1200C0EA21 /* Dictionary.swift in Sources */,
				194BEB50208E728E00C0EA21 /* MoviesService.swift in Sources */,
				194BEB4B208E691000C0EA21 /* Movie.swift in Sources */,
				1958E6CE208F1913003045AF /* CustomCell.swift in Sources */,
				194BEB4D208E6AF400C0EA21 /* MoviesPresenter.swift in Sources */,
			);
			runOnlyForDeploymentPostprocessing = 0;
		};
		194BEB0C208E598D00C0EA21 /* Sources */ = {
			isa = PBXSourcesBuildPhase;
			buildActionMask = 2147483647;
			files = (
				194BEB15208E598D00C0EA21 /* MoviesTests.swift in Sources */,
			);
			runOnlyForDeploymentPostprocessing = 0;
		};
		194BEB17208E598D00C0EA21 /* Sources */ = {
			isa = PBXSourcesBuildPhase;
			buildActionMask = 2147483647;
			files = (
				194BEB20208E598D00C0EA21 /* MoviesUITests.swift in Sources */,
			);
			runOnlyForDeploymentPostprocessing = 0;
		};
/* End PBXSourcesBuildPhase section */

/* Begin PBXTargetDependency section */
		194BEB12208E598D00C0EA21 /* PBXTargetDependency */ = {
			isa = PBXTargetDependency;
			target = 194BEAFB208E598A00C0EA21 /* Movies */;
			targetProxy = 194BEB11208E598D00C0EA21 /* PBXContainerItemProxy */;
		};
		194BEB1D208E598D00C0EA21 /* PBXTargetDependency */ = {
			isa = PBXTargetDependency;
			target = 194BEAFB208E598A00C0EA21 /* Movies */;
			targetProxy = 194BEB1C208E598D00C0EA21 /* PBXContainerItemProxy */;
		};
/* End PBXTargetDependency section */

/* Begin PBXVariantGroup section */
		194BEB03208E598A00C0EA21 /* Main.storyboard */ = {
			isa = PBXVariantGroup;
			children = (
				194BEB04208E598A00C0EA21 /* Base */,
			);
			name = Main.storyboard;
			sourceTree = "<group>";
		};
		194BEB08208E598C00C0EA21 /* LaunchScreen.storyboard */ = {
			isa = PBXVariantGroup;
			children = (
				194BEB09208E598C00C0EA21 /* Base */,
			);
			name = LaunchScreen.storyboard;
			sourceTree = "<group>";
		};
/* End PBXVariantGroup section */

/* Begin XCBuildConfiguration section */
		194BEB22208E598D00C0EA21 /* Debug */ = {
			isa = XCBuildConfiguration;
			buildSettings = {
				ALWAYS_SEARCH_USER_PATHS = NO;
				CLANG_ANALYZER_NONNULL = YES;
				CLANG_ANALYZER_NUMBER_OBJECT_CONVERSION = YES_AGGRESSIVE;
				CLANG_CXX_LANGUAGE_STANDARD = "gnu++14";
				CLANG_CXX_LIBRARY = "libc++";
				CLANG_ENABLE_MODULES = YES;
				CLANG_ENABLE_OBJC_ARC = YES;
				CLANG_ENABLE_OBJC_WEAK = YES;
				CLANG_WARN_BLOCK_CAPTURE_AUTORELEASING = YES;
				CLANG_WARN_BOOL_CONVERSION = YES;
				CLANG_WARN_COMMA = YES;
				CLANG_WARN_CONSTANT_CONVERSION = YES;
				CLANG_WARN_DEPRECATED_OBJC_IMPLEMENTATIONS = YES;
				CLANG_WARN_DIRECT_OBJC_ISA_USAGE = YES_ERROR;
				CLANG_WARN_DOCUMENTATION_COMMENTS = YES;
				CLANG_WARN_EMPTY_BODY = YES;
				CLANG_WARN_ENUM_CONVERSION = YES;
				CLANG_WARN_INFINITE_RECURSION = YES;
				CLANG_WARN_INT_CONVERSION = YES;
				CLANG_WARN_NON_LITERAL_NULL_CONVERSION = YES;
				CLANG_WARN_OBJC_IMPLICIT_RETAIN_SELF = YES;
				CLANG_WARN_OBJC_LITERAL_CONVERSION = YES;
				CLANG_WARN_OBJC_ROOT_CLASS = YES_ERROR;
				CLANG_WARN_RANGE_LOOP_ANALYSIS = YES;
				CLANG_WARN_STRICT_PROTOTYPES = YES;
				CLANG_WARN_SUSPICIOUS_MOVE = YES;
				CLANG_WARN_UNGUARDED_AVAILABILITY = YES_AGGRESSIVE;
				CLANG_WARN_UNREACHABLE_CODE = YES;
				CLANG_WARN__DUPLICATE_METHOD_MATCH = YES;
				CODE_SIGN_IDENTITY = "iPhone Developer";
				COPY_PHASE_STRIP = NO;
				DEBUG_INFORMATION_FORMAT = dwarf;
				ENABLE_STRICT_OBJC_MSGSEND = YES;
				ENABLE_TESTABILITY = YES;
				GCC_C_LANGUAGE_STANDARD = gnu11;
				GCC_DYNAMIC_NO_PIC = NO;
				GCC_NO_COMMON_BLOCKS = YES;
				GCC_OPTIMIZATION_LEVEL = 0;
				GCC_PREPROCESSOR_DEFINITIONS = (
					"DEBUG=1",
					"$(inherited)",
				);
				GCC_WARN_64_TO_32_BIT_CONVERSION = YES;
				GCC_WARN_ABOUT_RETURN_TYPE = YES_ERROR;
				GCC_WARN_UNDECLARED_SELECTOR = YES;
				GCC_WARN_UNINITIALIZED_AUTOS = YES_AGGRESSIVE;
				GCC_WARN_UNUSED_FUNCTION = YES;
				GCC_WARN_UNUSED_VARIABLE = YES;
				IPHONEOS_DEPLOYMENT_TARGET = 11.3;
				MTL_ENABLE_DEBUG_INFO = YES;
				ONLY_ACTIVE_ARCH = YES;
				SDKROOT = iphoneos;
				SWIFT_ACTIVE_COMPILATION_CONDITIONS = DEBUG;
				SWIFT_OPTIMIZATION_LEVEL = "-Onone";
			};
			name = Debug;
		};
		194BEB23208E598D00C0EA21 /* Release */ = {
			isa = XCBuildConfiguration;
			buildSettings = {
				ALWAYS_SEARCH_USER_PATHS = NO;
				CLANG_ANALYZER_NONNULL = YES;
				CLANG_ANALYZER_NUMBER_OBJECT_CONVERSION = YES_AGGRESSIVE;
				CLANG_CXX_LANGUAGE_STANDARD = "gnu++14";
				CLANG_CXX_LIBRARY = "libc++";
				CLANG_ENABLE_MODULES = YES;
				CLANG_ENABLE_OBJC_ARC = YES;
				CLANG_ENABLE_OBJC_WEAK = YES;
				CLANG_WARN_BLOCK_CAPTURE_AUTORELEASING = YES;
				CLANG_WARN_BOOL_CONVERSION = YES;
				CLANG_WARN_COMMA = YES;
				CLANG_WARN_CONSTANT_CONVERSION = YES;
				CLANG_WARN_DEPRECATED_OBJC_IMPLEMENTATIONS = YES;
				CLANG_WARN_DIRECT_OBJC_ISA_USAGE = YES_ERROR;
				CLANG_WARN_DOCUMENTATION_COMMENTS = YES;
				CLANG_WARN_EMPTY_BODY = YES;
				CLANG_WARN_ENUM_CONVERSION = YES;
				CLANG_WARN_INFINITE_RECURSION = YES;
				CLANG_WARN_INT_CONVERSION = YES;
				CLANG_WARN_NON_LITERAL_NULL_CONVERSION = YES;
				CLANG_WARN_OBJC_IMPLICIT_RETAIN_SELF = YES;
				CLANG_WARN_OBJC_LITERAL_CONVERSION = YES;
				CLANG_WARN_OBJC_ROOT_CLASS = YES_ERROR;
				CLANG_WARN_RANGE_LOOP_ANALYSIS = YES;
				CLANG_WARN_STRICT_PROTOTYPES = YES;
				CLANG_WARN_SUSPICIOUS_MOVE = YES;
				CLANG_WARN_UNGUARDED_AVAILABILITY = YES_AGGRESSIVE;
				CLANG_WARN_UNREACHABLE_CODE = YES;
				CLANG_WARN__DUPLICATE_METHOD_MATCH = YES;
				CODE_SIGN_IDENTITY = "iPhone Developer";
				COPY_PHASE_STRIP = NO;
				DEBUG_INFORMATION_FORMAT = "dwarf-with-dsym";
				ENABLE_NS_ASSERTIONS = NO;
				ENABLE_STRICT_OBJC_MSGSEND = YES;
				GCC_C_LANGUAGE_STANDARD = gnu11;
				GCC_NO_COMMON_BLOCKS = YES;
				GCC_WARN_64_TO_32_BIT_CONVERSION = YES;
				GCC_WARN_ABOUT_RETURN_TYPE = YES_ERROR;
				GCC_WARN_UNDECLARED_SELECTOR = YES;
				GCC_WARN_UNINITIALIZED_AUTOS = YES_AGGRESSIVE;
				GCC_WARN_UNUSED_FUNCTION = YES;
				GCC_WARN_UNUSED_VARIABLE = YES;
				IPHONEOS_DEPLOYMENT_TARGET = 11.3;
				MTL_ENABLE_DEBUG_INFO = NO;
				SDKROOT = iphoneos;
				SWIFT_COMPILATION_MODE = wholemodule;
				SWIFT_OPTIMIZATION_LEVEL = "-O";
				VALIDATE_PRODUCT = YES;
			};
			name = Release;
		};
		194BEB25208E598D00C0EA21 /* Debug */ = {
			isa = XCBuildConfiguration;
			baseConfigurationReference = 8A47794977525E2ECE83E340 /* Pods-Movies.debug.xcconfig */;
			buildSettings = {
				ASSETCATALOG_COMPILER_APPICON_NAME = AppIcon;
				CODE_SIGN_STYLE = Automatic;
				INFOPLIST_FILE = Movies/Info.plist;
				LD_RUNPATH_SEARCH_PATHS = (
					"$(inherited)",
					"@executable_path/Frameworks",
				);
				PRODUCT_BUNDLE_IDENTIFIER = AAgudo.Movies;
				PRODUCT_NAME = "$(TARGET_NAME)";
				SWIFT_VERSION = 4.0;
				TARGETED_DEVICE_FAMILY = "1,2";
			};
			name = Debug;
		};
		194BEB26208E598D00C0EA21 /* Release */ = {
			isa = XCBuildConfiguration;
			baseConfigurationReference = 6B9145993E7A9E4D3142C74C /* Pods-Movies.release.xcconfig */;
			buildSettings = {
				ASSETCATALOG_COMPILER_APPICON_NAME = AppIcon;
				CODE_SIGN_STYLE = Automatic;
				INFOPLIST_FILE = Movies/Info.plist;
				LD_RUNPATH_SEARCH_PATHS = (
					"$(inherited)",
					"@executable_path/Frameworks",
				);
				PRODUCT_BUNDLE_IDENTIFIER = AAgudo.Movies;
				PRODUCT_NAME = "$(TARGET_NAME)";
				SWIFT_VERSION = 4.0;
				TARGETED_DEVICE_FAMILY = "1,2";
			};
			name = Release;
		};
		194BEB28208E598D00C0EA21 /* Debug */ = {
			isa = XCBuildConfiguration;
			baseConfigurationReference = 9A08318CA6CAA7F6A03D62B9 /* Pods-MoviesTests.debug.xcconfig */;
			buildSettings = {
				ALWAYS_EMBED_SWIFT_STANDARD_LIBRARIES = YES;
				BUNDLE_LOADER = "$(TEST_HOST)";
				CODE_SIGN_STYLE = Automatic;
				INFOPLIST_FILE = MoviesTests/Info.plist;
				LD_RUNPATH_SEARCH_PATHS = (
					"$(inherited)",
					"@executable_path/Frameworks",
					"@loader_path/Frameworks",
				);
				PRODUCT_BUNDLE_IDENTIFIER = AAgudo.MoviesTests;
				PRODUCT_NAME = "$(TARGET_NAME)";
				SWIFT_VERSION = 4.0;
				TARGETED_DEVICE_FAMILY = "1,2";
				TEST_HOST = "$(BUILT_PRODUCTS_DIR)/Movies.app/Movies";
			};
			name = Debug;
		};
		194BEB29208E598D00C0EA21 /* Release */ = {
			isa = XCBuildConfiguration;
			baseConfigurationReference = AA3F9072C7D59237DEEF5ED4 /* Pods-MoviesTests.release.xcconfig */;
			buildSettings = {
				ALWAYS_EMBED_SWIFT_STANDARD_LIBRARIES = YES;
				BUNDLE_LOADER = "$(TEST_HOST)";
				CODE_SIGN_STYLE = Automatic;
				INFOPLIST_FILE = MoviesTests/Info.plist;
				LD_RUNPATH_SEARCH_PATHS = (
					"$(inherited)",
					"@executable_path/Frameworks",
					"@loader_path/Frameworks",
				);
				PRODUCT_BUNDLE_IDENTIFIER = AAgudo.MoviesTests;
				PRODUCT_NAME = "$(TARGET_NAME)";
				SWIFT_VERSION = 4.0;
				TARGETED_DEVICE_FAMILY = "1,2";
				TEST_HOST = "$(BUILT_PRODUCTS_DIR)/Movies.app/Movies";
			};
			name = Release;
		};
		194BEB2B208E598D00C0EA21 /* Debug */ = {
			isa = XCBuildConfiguration;
			baseConfigurationReference = 383BBB6EDE847B7654011EFE /* Pods-MoviesUITests.debug.xcconfig */;
			buildSettings = {
				ALWAYS_EMBED_SWIFT_STANDARD_LIBRARIES = YES;
				CODE_SIGN_STYLE = Automatic;
				INFOPLIST_FILE = MoviesUITests/Info.plist;
				LD_RUNPATH_SEARCH_PATHS = (
					"$(inherited)",
					"@executable_path/Frameworks",
					"@loader_path/Frameworks",
				);
				PRODUCT_BUNDLE_IDENTIFIER = AAgudo.MoviesUITests;
				PRODUCT_NAME = "$(TARGET_NAME)";
				SWIFT_VERSION = 4.0;
				TARGETED_DEVICE_FAMILY = "1,2";
				TEST_TARGET_NAME = Movies;
			};
			name = Debug;
		};
		194BEB2C208E598D00C0EA21 /* Release */ = {
			isa = XCBuildConfiguration;
			baseConfigurationReference = E6E90FD44C6E96C17E084ED0 /* Pods-MoviesUITests.release.xcconfig */;
			buildSettings = {
				ALWAYS_EMBED_SWIFT_STANDARD_LIBRARIES = YES;
				CODE_SIGN_STYLE = Automatic;
				INFOPLIST_FILE = MoviesUITests/Info.plist;
				LD_RUNPATH_SEARCH_PATHS = (
					"$(inherited)",
					"@executable_path/Frameworks",
					"@loader_path/Frameworks",
				);
				PRODUCT_BUNDLE_IDENTIFIER = AAgudo.MoviesUITests;
				PRODUCT_NAME = "$(TARGET_NAME)";
				SWIFT_VERSION = 4.0;
				TARGETED_DEVICE_FAMILY = "1,2";
				TEST_TARGET_NAME = Movies;
			};
			name = Release;
		};
/* End XCBuildConfiguration section */

/* Begin XCConfigurationList section */
		194BEAF7208E598A00C0EA21 /* Build configuration list for PBXProject "Movies" */ = {
			isa = XCConfigurationList;
			buildConfigurations = (
				194BEB22208E598D00C0EA21 /* Debug */,
				194BEB23208E598D00C0EA21 /* Release */,
			);
			defaultConfigurationIsVisible = 0;
			defaultConfigurationName = Release;
		};
		194BEB24208E598D00C0EA21 /* Build configuration list for PBXNativeTarget "Movies" */ = {
			isa = XCConfigurationList;
			buildConfigurations = (
				194BEB25208E598D00C0EA21 /* Debug */,
				194BEB26208E598D00C0EA21 /* Release */,
			);
			defaultConfigurationIsVisible = 0;
			defaultConfigurationName = Release;
		};
		194BEB27208E598D00C0EA21 /* Build configuration list for PBXNativeTarget "MoviesTests" */ = {
			isa = XCConfigurationList;
			buildConfigurations = (
				194BEB28208E598D00C0EA21 /* Debug */,
				194BEB29208E598D00C0EA21 /* Release */,
			);
			defaultConfigurationIsVisible = 0;
			defaultConfigurationName = Release;
		};
		194BEB2A208E598D00C0EA21 /* Build configuration list for PBXNativeTarget "MoviesUITests" */ = {
			isa = XCConfigurationList;
			buildConfigurations = (
				194BEB2B208E598D00C0EA21 /* Debug */,
				194BEB2C208E598D00C0EA21 /* Release */,
			);
			defaultConfigurationIsVisible = 0;
			defaultConfigurationName = Release;
		};
/* End XCConfigurationList section */
	};
	rootObject = 194BEAF4208E598A00C0EA21 /* Project object */;
}
